
Microsoft Visual Studio Solution File, Format Version 9.00
# Visual Studio 2005
Project("{8BC9CEB8-8B4A-11D0-8D11-00A0C91BC942}") = "player", "player\player.vcproj", "{79D23593-503E-4C31-9342-42A970AAE0AF}"
	ProjectSection(ProjectDependencies) = postProject
		{A3E75400-2C70-4D89-9D45-E08DC8259E67} = {A3E75400-2C70-4D89-9D45-E08DC8259E67}
		{52DD0D1F-947E-47DE-B41B-86A34AF0B182} = {52DD0D1F-947E-47DE-B41B-86A34AF0B182}
		{7FCE554E-5455-4EEC-8E53-FF0FEF5F8228} = {7FCE554E-5455-4EEC-8E53-FF0FEF5F8228}
		{6441935B-E748-438C-B785-F85C88F3A711} = {6441935B-E748-438C-B785-F85C88F3A711}
		{B9A5A66D-26A9-41A0-911F-A60B196F52B1} = {B9A5A66D-26A9-41A0-911F-A60B196F52B1}
		{885E739B-4390-4F17-928C-5399AD50DA1D} = {885E739B-4390-4F17-928C-5399AD50DA1D}
		{0F6204A7-46DC-4FA5-ABF9-D75EE7BDF144} = {0F6204A7-46DC-4FA5-ABF9-D75EE7BDF144}
		{832323BE-F1FE-498C-B343-71D748D65228} = {832323BE-F1FE-498C-B343-71D748D65228}
		{53E4D5C1-3A4D-4DEC-9720-F9F692CD25AB} = {53E4D5C1-3A4D-4DEC-9720-F9F692CD25AB}
		{6059ACCD-C793-4325-BAE4-6F09E8438C31} = {6059ACCD-C793-4325-BAE4-6F09E8438C31}
		{A8F1C6FB-E924-40CB-B946-C484E70452FE} = {A8F1C6FB-E924-40CB-B946-C484E70452FE}
	EndProjectSection
EndProject
Project("{8BC9CEB8-8B4A-11D0-8D11-00A0C91BC942}") = "common", "common\common.vcproj", "{A3E75400-2C70-4D89-9D45-E08DC8259E67}"
EndProject
Project("{8BC9CEB8-8B4A-11D0-8D11-00A0C91BC942}") = "splitter", "splitter\splitter.vcproj", "{53E4D5C1-3A4D-4DEC-9720-F9F692CD25AB}"
	ProjectSection(ProjectDependencies) = postProject
		{A3E75400-2C70-4D89-9D45-E08DC8259E67} = {A3E75400-2C70-4D89-9D45-E08DC8259E67}
	EndProjectSection
EndProject
Project("{8BC9CEB8-8B4A-11D0-8D11-00A0C91BC942}") = "mpeg1", "mpeg1\mpeg1.vcproj", "{52DD0D1F-947E-47DE-B41B-86A34AF0B182}"
	ProjectSection(ProjectDependencies) = postProject
		{A3E75400-2C70-4D89-9D45-E08DC8259E67} = {A3E75400-2C70-4D89-9D45-E08DC8259E67}
	EndProjectSection
EndProject
Project("{8BC9CEB8-8B4A-11D0-8D11-00A0C91BC942}") = "interface", "interface\interface.vcproj", "{7FCE554E-5455-4EEC-8E53-FF0FEF5F8228}"
	ProjectSection(ProjectDependencies) = postProject
		{A3E75400-2C70-4D89-9D45-E08DC8259E67} = {A3E75400-2C70-4D89-9D45-E08DC8259E67}
	EndProjectSection
EndProject
Project("{8BC9CEB8-8B4A-11D0-8D11-00A0C91BC942}") = "intel2700g", "intel2700g\intel2700g.vcproj", "{6059ACCD-C793-4325-BAE4-6F09E8438C31}"
	ProjectSection(ProjectDependencies) = postProject
		{A3E75400-2C70-4D89-9D45-E08DC8259E67} = {A3E75400-2C70-4D89-9D45-E08DC8259E67}
	EndProjectSection
EndProject
Project("{8BC9CEB8-8B4A-11D0-8D11-00A0C91BC942}") = "camera", "camera\camera.vcproj", "{A8F1C6FB-E924-40CB-B946-C484E70452FE}"
	ProjectSection(ProjectDependencies) = postProject
		{A3E75400-2C70-4D89-9D45-E08DC8259E67} = {A3E75400-2C70-4D89-9D45-E08DC8259E67}
	EndProjectSection
EndProject
Project("{8BC9CEB8-8B4A-11D0-8D11-00A0C91BC942}") = "ati3200", "ati3200\ati3200.vcproj", "{6441935B-E748-438C-B785-F85C88F3A711}"
	ProjectSection(ProjectDependencies) = postProject
		{A3E75400-2C70-4D89-9D45-E08DC8259E67} = {A3E75400-2C70-4D89-9D45-E08DC8259E67}
	EndProjectSection
EndProject
Project("{8BC9CEB8-8B4A-11D0-8D11-00A0C91BC942}") = "network", "network\network.vcproj", "{0F6204A7-46DC-4FA5-ABF9-D75EE7BDF144}"
	ProjectSection(ProjectDependencies) = postProject
		{A3E75400-2C70-4D89-9D45-E08DC8259E67} = {A3E75400-2C70-4D89-9D45-E08DC8259E67}
	EndProjectSection
EndProject
Project("{8BC9CEB8-8B4A-11D0-8D11-00A0C91BC942}") = "vorbishq", "vorbishq\vorbishq.vcproj", "{885E739B-4390-4F17-928C-5399AD50DA1D}"
	ProjectSection(ProjectDependencies) = postProject
		{A3E75400-2C70-4D89-9D45-E08DC8259E67} = {A3E75400-2C70-4D89-9D45-E08DC8259E67}
	EndProjectSection
EndProject
Project("{8BC9CEB8-8B4A-11D0-8D11-00A0C91BC942}") = "template", "template\template.vcproj", "{B9A5A66D-26A9-41A0-911F-A60B196F52B1}"
EndProject
Project("{8BC9CEB8-8B4A-11D0-8D11-00A0C91BC942}") = "libmad", "libmad\libmad.vcproj", "{832323BE-F1FE-498C-B343-71D748D65228}"
EndProject
Global
	GlobalSection(SolutionConfigurationPlatforms) = preSolution
		Debug|Pocket PC 2003 (ARMV4) = Debug|Pocket PC 2003 (ARMV4)
		Debug|Smartphone 2003 (ARMV4) = Debug|Smartphone 2003 (ARMV4)
		Debug|Win32 = Debug|Win32
		Debug|Windows Mobile 5.0 Pocket PC SDK (ARMV4I) = Debug|Windows Mobile 5.0 Pocket PC SDK (ARMV4I)
		Debug|Windows Mobile 5.0 Smartphone SDK (ARMV4I) = Debug|Windows Mobile 5.0 Smartphone SDK (ARMV4I)
		Release|Pocket PC 2003 (ARMV4) = Release|Pocket PC 2003 (ARMV4)
		Release|Smartphone 2003 (ARMV4) = Release|Smartphone 2003 (ARMV4)
		Release|Win32 = Release|Win32
		Release|Windows Mobile 5.0 Pocket PC SDK (ARMV4I) = Release|Windows Mobile 5.0 Pocket PC SDK (ARMV4I)
		Release|Windows Mobile 5.0 Smartphone SDK (ARMV4I) = Release|Windows Mobile 5.0 Smartphone SDK (ARMV4I)
	EndGlobalSection
	GlobalSection(ProjectConfigurationPlatforms) = postSolution
		{79D23593-503E-4C31-9342-42A970AAE0AF}.Debug|Pocket PC 2003 (ARMV4).ActiveCfg = Debug|Pocket PC 2003 (ARMV4)
		{79D23593-503E-4C31-9342-42A970AAE0AF}.Debug|Pocket PC 2003 (ARMV4).Build.0 = Debug|Pocket PC 2003 (ARMV4)
		{79D23593-503E-4C31-9342-42A970AAE0AF}.Debug|Pocket PC 2003 (ARMV4).Deploy.0 = Debug|Pocket PC 2003 (ARMV4)
		{79D23593-503E-4C31-9342-42A970AAE0AF}.Debug|Smartphone 2003 (ARMV4).ActiveCfg = Debug|Smartphone 2003 (ARMV4)
		{79D23593-503E-4C31-9342-42A970AAE0AF}.Debug|Smartphone 2003 (ARMV4).Build.0 = Debug|Smartphone 2003 (ARMV4)
		{79D23593-503E-4C31-9342-42A970AAE0AF}.Debug|Smartphone 2003 (ARMV4).Deploy.0 = Debug|Smartphone 2003 (ARMV4)
		{79D23593-503E-4C31-9342-42A970AAE0AF}.Debug|Win32.ActiveCfg = Debug|Win32
		{79D23593-503E-4C31-9342-42A970AAE0AF}.Debug|Win32.Build.0 = Debug|Win32
		{79D23593-503E-4C31-9342-42A970AAE0AF}.Debug|Windows Mobile 5.0 Pocket PC SDK (ARMV4I).ActiveCfg = Debug|Windows Mobile 5.0 Pocket PC SDK (ARMV4I)
		{79D23593-503E-4C31-9342-42A970AAE0AF}.Debug|Windows Mobile 5.0 Pocket PC SDK (ARMV4I).Build.0 = Debug|Windows Mobile 5.0 Pocket PC SDK (ARMV4I)
		{79D23593-503E-4C31-9342-42A970AAE0AF}.Debug|Windows Mobile 5.0 Pocket PC SDK (ARMV4I).Deploy.0 = Debug|Windows Mobile 5.0 Pocket PC SDK (ARMV4I)
		{79D23593-503E-4C31-9342-42A970AAE0AF}.Debug|Windows Mobile 5.0 Smartphone SDK (ARMV4I).ActiveCfg = Debug|Windows Mobile 5.0 Smartphone SDK (ARMV4I)
		{79D23593-503E-4C31-9342-42A970AAE0AF}.Debug|Windows Mobile 5.0 Smartphone SDK (ARMV4I).Build.0 = Debug|Windows Mobile 5.0 Smartphone SDK (ARMV4I)
		{79D23593-503E-4C31-9342-42A970AAE0AF}.Debug|Windows Mobile 5.0 Smartphone SDK (ARMV4I).Deploy.0 = Debug|Windows Mobile 5.0 Smartphone SDK (ARMV4I)
		{79D23593-503E-4C31-9342-42A970AAE0AF}.Release|Pocket PC 2003 (ARMV4).ActiveCfg = Release|Pocket PC 2003 (ARMV4)
		{79D23593-503E-4C31-9342-42A970AAE0AF}.Release|Pocket PC 2003 (ARMV4).Build.0 = Release|Pocket PC 2003 (ARMV4)
		{79D23593-503E-4C31-9342-42A970AAE0AF}.Release|Pocket PC 2003 (ARMV4).Deploy.0 = Release|Pocket PC 2003 (ARMV4)
		{79D23593-503E-4C31-9342-42A970AAE0AF}.Release|Smartphone 2003 (ARMV4).ActiveCfg = Release|Smartphone 2003 (ARMV4)
		{79D23593-503E-4C31-9342-42A970AAE0AF}.Release|Smartphone 2003 (ARMV4).Build.0 = Release|Smartphone 2003 (ARMV4)
		{79D23593-503E-4C31-9342-42A970AAE0AF}.Release|Smartphone 2003 (ARMV4).Deploy.0 = Release|Smartphone 2003 (ARMV4)
		{79D23593-503E-4C31-9342-42A970AAE0AF}.Release|Win32.ActiveCfg = Release|Win32
		{79D23593-503E-4C31-9342-42A970AAE0AF}.Release|Win32.Build.0 = Release|Win32
		{79D23593-503E-4C31-9342-42A970AAE0AF}.Release|Windows Mobile 5.0 Pocket PC SDK (ARMV4I).ActiveCfg = Release|Windows Mobile 5.0 Pocket PC SDK (ARMV4I)
		{79D23593-503E-4C31-9342-42A970AAE0AF}.Release|Windows Mobile 5.0 Pocket PC SDK (ARMV4I).Build.0 = Release|Windows Mobile 5.0 Pocket PC SDK (ARMV4I)
		{79D23593-503E-4C31-9342-42A970AAE0AF}.Release|Windows Mobile 5.0 Pocket PC SDK (ARMV4I).Deploy.0 = Release|Windows Mobile 5.0 Pocket PC SDK (ARMV4I)
		{79D23593-503E-4C31-9342-42A970AAE0AF}.Release|Windows Mobile 5.0 Smartphone SDK (ARMV4I).ActiveCfg = Release|Windows Mobile 5.0 Smartphone SDK (ARMV4I)
		{79D23593-503E-4C31-9342-42A970AAE0AF}.Release|Windows Mobile 5.0 Smartphone SDK (ARMV4I).Build.0 = Release|Windows Mobile 5.0 Smartphone SDK (ARMV4I)
		{79D23593-503E-4C31-9342-42A970AAE0AF}.Release|Windows Mobile 5.0 Smartphone SDK (ARMV4I).Deploy.0 = Release|Windows Mobile 5.0 Smartphone SDK (ARMV4I)
		{A3E75400-2C70-4D89-9D45-E08DC8259E67}.Debug|Pocket PC 2003 (ARMV4).ActiveCfg = Debug|Pocket PC 2003 (ARMV4)
		{A3E75400-2C70-4D89-9D45-E08DC8259E67}.Debug|Pocket PC 2003 (ARMV4).Build.0 = Debug|Pocket PC 2003 (ARMV4)
		{A3E75400-2C70-4D89-9D45-E08DC8259E67}.Debug|Pocket PC 2003 (ARMV4).Deploy.0 = Debug|Pocket PC 2003 (ARMV4)
		{A3E75400-2C70-4D89-9D45-E08DC8259E67}.Debug|Smartphone 2003 (ARMV4).ActiveCfg = Debug|Smartphone 2003 (ARMV4)
		{A3E75400-2C70-4D89-9D45-E08DC8259E67}.Debug|Smartphone 2003 (ARMV4).Build.0 = Debug|Smartphone 2003 (ARMV4)
		{A3E75400-2C70-4D89-9D45-E08DC8259E67}.Debug|Smartphone 2003 (ARMV4).Deploy.0 = Debug|Smartphone 2003 (ARMV4)
		{A3E75400-2C70-4D89-9D45-E08DC8259E67}.Debug|Win32.ActiveCfg = Debug|Win32
		{A3E75400-2C70-4D89-9D45-E08DC8259E67}.Debug|Win32.Build.0 = Debug|Win32
		{A3E75400-2C70-4D89-9D45-E08DC8259E67}.Debug|Windows Mobile 5.0 Pocket PC SDK (ARMV4I).ActiveCfg = Debug|Windows Mobile 5.0 Pocket PC SDK (ARMV4I)
		{A3E75400-2C70-4D89-9D45-E08DC8259E67}.Debug|Windows Mobile 5.0 Pocket PC SDK (ARMV4I).Build.0 = Debug|Windows Mobile 5.0 Pocket PC SDK (ARMV4I)
		{A3E75400-2C70-4D89-9D45-E08DC8259E67}.Debug|Windows Mobile 5.0 Pocket PC SDK (ARMV4I).Deploy.0 = Debug|Windows Mobile 5.0 Pocket PC SDK (ARMV4I)
		{A3E75400-2C70-4D89-9D45-E08DC8259E67}.Debug|Windows Mobile 5.0 Smartphone SDK (ARMV4I).ActiveCfg = Debug|Windows Mobile 5.0 Smartphone SDK (ARMV4I)
		{A3E75400-2C70-4D89-9D45-E08DC8259E67}.Debug|Windows Mobile 5.0 Smartphone SDK (ARMV4I).Build.0 = Debug|Windows Mobile 5.0 Smartphone SDK (ARMV4I)
		{A3E75400-2C70-4D89-9D45-E08DC8259E67}.Debug|Windows Mobile 5.0 Smartphone SDK (ARMV4I).Deploy.0 = Debug|Windows Mobile 5.0 Smartphone SDK (ARMV4I)
		{A3E75400-2C70-4D89-9D45-E08DC8259E67}.Release|Pocket PC 2003 (ARMV4).ActiveCfg = Release|Pocket PC 2003 (ARMV4)
		{A3E75400-2C70-4D89-9D45-E08DC8259E67}.Release|Pocket PC 2003 (ARMV4).Build.0 = Release|Pocket PC 2003 (ARMV4)
		{A3E75400-2C70-4D89-9D45-E08DC8259E67}.Release|Pocket PC 2003 (ARMV4).Deploy.0 = Release|Pocket PC 2003 (ARMV4)
		{A3E75400-2C70-4D89-9D45-E08DC8259E67}.Release|Smartphone 2003 (ARMV4).ActiveCfg = Release|Smartphone 2003 (ARMV4)
		{A3E75400-2C70-4D89-9D45-E08DC8259E67}.Release|Smartphone 2003 (ARMV4).Build.0 = Release|Smartphone 2003 (ARMV4)
		{A3E75400-2C70-4D89-9D45-E08DC8259E67}.Release|Smartphone 2003 (ARMV4).Deploy.0 = Release|Smartphone 2003 (ARMV4)
		{A3E75400-2C70-4D89-9D45-E08DC8259E67}.Release|Win32.ActiveCfg = Release|Win32
		{A3E75400-2C70-4D89-9D45-E08DC8259E67}.Release|Win32.Build.0 = Release|Win32
		{A3E75400-2C70-4D89-9D45-E08DC8259E67}.Release|Windows Mobile 5.0 Pocket PC SDK (ARMV4I).ActiveCfg = Release|Windows Mobile 5.0 Pocket PC SDK (ARMV4I)
		{A3E75400-2C70-4D89-9D45-E08DC8259E67}.Release|Windows Mobile 5.0 Pocket PC SDK (ARMV4I).Build.0 = Release|Windows Mobile 5.0 Pocket PC SDK (ARMV4I)
		{A3E75400-2C70-4D89-9D45-E08DC8259E67}.Release|Windows Mobile 5.0 Pocket PC SDK (ARMV4I).Deploy.0 = Release|Windows Mobile 5.0 Pocket PC SDK (ARMV4I)
		{A3E75400-2C70-4D89-9D45-E08DC8259E67}.Release|Windows Mobile 5.0 Smartphone SDK (ARMV4I).ActiveCfg = Release|Windows Mobile 5.0 Smartphone SDK (ARMV4I)
		{A3E75400-2C70-4D89-9D45-E08DC8259E67}.Release|Windows Mobile 5.0 Smartphone SDK (ARMV4I).Build.0 = Release|Windows Mobile 5.0 Smartphone SDK (ARMV4I)
		{A3E75400-2C70-4D89-9D45-E08DC8259E67}.Release|Windows Mobile 5.0 Smartphone SDK (ARMV4I).Deploy.0 = Release|Windows Mobile 5.0 Smartphone SDK (ARMV4I)
		{53E4D5C1-3A4D-4DEC-9720-F9F692CD25AB}.Debug|Pocket PC 2003 (ARMV4).ActiveCfg = Debug|Pocket PC 2003 (ARMV4)
		{53E4D5C1-3A4D-4DEC-9720-F9F692CD25AB}.Debug|Pocket PC 2003 (ARMV4).Build.0 = Debug|Pocket PC 2003 (ARMV4)
		{53E4D5C1-3A4D-4DEC-9720-F9F692CD25AB}.Debug|Pocket PC 2003 (ARMV4).Deploy.0 = Debug|Pocket PC 2003 (ARMV4)
		{53E4D5C1-3A4D-4DEC-9720-F9F692CD25AB}.Debug|Smartphone 2003 (ARMV4).ActiveCfg = Debug|Smartphone 2003 (ARMV4)
		{53E4D5C1-3A4D-4DEC-9720-F9F692CD25AB}.Debug|Smartphone 2003 (ARMV4).Build.0 = Debug|Smartphone 2003 (ARMV4)
		{53E4D5C1-3A4D-4DEC-9720-F9F692CD25AB}.Debug|Smartphone 2003 (ARMV4).Deploy.0 = Debug|Smartphone 2003 (ARMV4)
		{53E4D5C1-3A4D-4DEC-9720-F9F692CD25AB}.Debug|Win32.ActiveCfg = Debug|Win32
		{53E4D5C1-3A4D-4DEC-9720-F9F692CD25AB}.Debug|Win32.Build.0 = Debug|Win32
		{53E4D5C1-3A4D-4DEC-9720-F9F692CD25AB}.Debug|Windows Mobile 5.0 Pocket PC SDK (ARMV4I).ActiveCfg = Debug|Windows Mobile 5.0 Pocket PC SDK (ARMV4I)
		{53E4D5C1-3A4D-4DEC-9720-F9F692CD25AB}.Debug|Windows Mobile 5.0 Pocket PC SDK (ARMV4I).Build.0 = Debug|Windows Mobile 5.0 Pocket PC SDK (ARMV4I)
		{53E4D5C1-3A4D-4DEC-9720-F9F692CD25AB}.Debug|Windows Mobile 5.0 Pocket PC SDK (ARMV4I).Deploy.0 = Debug|Windows Mobile 5.0 Pocket PC SDK (ARMV4I)
		{53E4D5C1-3A4D-4DEC-9720-F9F692CD25AB}.Debug|Windows Mobile 5.0 Smartphone SDK (ARMV4I).ActiveCfg = Debug|Windows Mobile 5.0 Smartphone SDK (ARMV4I)
		{53E4D5C1-3A4D-4DEC-9720-F9F692CD25AB}.Debug|Windows Mobile 5.0 Smartphone SDK (ARMV4I).Build.0 = Debug|Windows Mobile 5.0 Smartphone SDK (ARMV4I)
		{53E4D5C1-3A4D-4DEC-9720-F9F692CD25AB}.Debug|Windows Mobile 5.0 Smartphone SDK (ARMV4I).Deploy.0 = Debug|Windows Mobile 5.0 Smartphone SDK (ARMV4I)
		{53E4D5C1-3A4D-4DEC-9720-F9F692CD25AB}.Release|Pocket PC 2003 (ARMV4).ActiveCfg = Release|Pocket PC 2003 (ARMV4)
		{53E4D5C1-3A4D-4DEC-9720-F9F692CD25AB}.Release|Pocket PC 2003 (ARMV4).Build.0 = Release|Pocket PC 2003 (ARMV4)
		{53E4D5C1-3A4D-4DEC-9720-F9F692CD25AB}.Release|Pocket PC 2003 (ARMV4).Deploy.0 = Release|Pocket PC 2003 (ARMV4)
		{53E4D5C1-3A4D-4DEC-9720-F9F692CD25AB}.Release|Smartphone 2003 (ARMV4).ActiveCfg = Release|Smartphone 2003 (ARMV4)
		{53E4D5C1-3A4D-4DEC-9720-F9F692CD25AB}.Release|Smartphone 2003 (ARMV4).Build.0 = Release|Smartphone 2003 (ARMV4)
		{53E4D5C1-3A4D-4DEC-9720-F9F692CD25AB}.Release|Smartphone 2003 (ARMV4).Deploy.0 = Release|Smartphone 2003 (ARMV4)
		{53E4D5C1-3A4D-4DEC-9720-F9F692CD25AB}.Release|Win32.ActiveCfg = Release|Win32
		{53E4D5C1-3A4D-4DEC-9720-F9F692CD25AB}.Release|Win32.Build.0 = Release|Win32
		{53E4D5C1-3A4D-4DEC-9720-F9F692CD25AB}.Release|Windows Mobile 5.0 Pocket PC SDK (ARMV4I).ActiveCfg = Release|Windows Mobile 5.0 Pocket PC SDK (ARMV4I)
		{53E4D5C1-3A4D-4DEC-9720-F9F692CD25AB}.Release|Windows Mobile 5.0 Pocket PC SDK (ARMV4I).Build.0 = Release|Windows Mobile 5.0 Pocket PC SDK (ARMV4I)
		{53E4D5C1-3A4D-4DEC-9720-F9F692CD25AB}.Release|Windows Mobile 5.0 Pocket PC SDK (ARMV4I).Deploy.0 = Release|Windows Mobile 5.0 Pocket PC SDK (ARMV4I)
		{53E4D5C1-3A4D-4DEC-9720-F9F692CD25AB}.Release|Windows Mobile 5.0 Smartphone SDK (ARMV4I).ActiveCfg = Release|Windows Mobile 5.0 Smartphone SDK (ARMV4I)
		{53E4D5C1-3A4D-4DEC-9720-F9F692CD25AB}.Release|Windows Mobile 5.0 Smartphone SDK (ARMV4I).Build.0 = Release|Windows Mobile 5.0 Smartphone SDK (ARMV4I)
		{53E4D5C1-3A4D-4DEC-9720-F9F692CD25AB}.Release|Windows Mobile 5.0 Smartphone SDK (ARMV4I).Deploy.0 = Release|Windows Mobile 5.0 Smartphone SDK (ARMV4I)
		{52DD0D1F-947E-47DE-B41B-86A34AF0B182}.Debug|Pocket PC 2003 (ARMV4).ActiveCfg = Debug|Pocket PC 2003 (ARMV4)
		{52DD0D1F-947E-47DE-B41B-86A34AF0B182}.Debug|Pocket PC 2003 (ARMV4).Build.0 = Debug|Pocket PC 2003 (ARMV4)
		{52DD0D1F-947E-47DE-B41B-86A34AF0B182}.Debug|Pocket PC 2003 (ARMV4).Deploy.0 = Debug|Pocket PC 2003 (ARMV4)
		{52DD0D1F-947E-47DE-B41B-86A34AF0B182}.Debug|Smartphone 2003 (ARMV4).ActiveCfg = Debug|Smartphone 2003 (ARMV4)
		{52DD0D1F-947E-47DE-B41B-86A34AF0B182}.Debug|Smartphone 2003 (ARMV4).Build.0 = Debug|Smartphone 2003 (ARMV4)
		{52DD0D1F-947E-47DE-B41B-86A34AF0B182}.Debug|Smartphone 2003 (ARMV4).Deploy.0 = Debug|Smartphone 2003 (ARMV4)
		{52DD0D1F-947E-47DE-B41B-86A34AF0B182}.Debug|Win32.ActiveCfg = Debug|Win32
		{52DD0D1F-947E-47DE-B41B-86A34AF0B182}.Debug|Win32.Build.0 = Debug|Win32
		{52DD0D1F-947E-47DE-B41B-86A34AF0B182}.Debug|Windows Mobile 5.0 Pocket PC SDK (ARMV4I).ActiveCfg = Debug|Windows Mobile 5.0 Pocket PC SDK (ARMV4I)
		{52DD0D1F-947E-47DE-B41B-86A34AF0B182}.Debug|Windows Mobile 5.0 Pocket PC SDK (ARMV4I).Build.0 = Debug|Windows Mobile 5.0 Pocket PC SDK (ARMV4I)
		{52DD0D1F-947E-47DE-B41B-86A34AF0B182}.Debug|Windows Mobile 5.0 Pocket PC SDK (ARMV4I).Deploy.0 = Debug|Windows Mobile 5.0 Pocket PC SDK (ARMV4I)
		{52DD0D1F-947E-47DE-B41B-86A34AF0B182}.Debug|Windows Mobile 5.0 Smartphone SDK (ARMV4I).ActiveCfg = Debug|Windows Mobile 5.0 Smartphone SDK (ARMV4I)
		{52DD0D1F-947E-47DE-B41B-86A34AF0B182}.Debug|Windows Mobile 5.0 Smartphone SDK (ARMV4I).Build.0 = Debug|Windows Mobile 5.0 Smartphone SDK (ARMV4I)
		{52DD0D1F-947E-47DE-B41B-86A34AF0B182}.Debug|Windows Mobile 5.0 Smartphone SDK (ARMV4I).Deploy.0 = Debug|Windows Mobile 5.0 Smartphone SDK (ARMV4I)
		{52DD0D1F-947E-47DE-B41B-86A34AF0B182}.Release|Pocket PC 2003 (ARMV4).ActiveCfg = Release|Pocket PC 2003 (ARMV4)
		{52DD0D1F-947E-47DE-B41B-86A34AF0B182}.Release|Pocket PC 2003 (ARMV4).Build.0 = Release|Pocket PC 2003 (ARMV4)
		{52DD0D1F-947E-47DE-B41B-86A34AF0B182}.Release|Pocket PC 2003 (ARMV4).Deploy.0 = Release|Pocket PC 2003 (ARMV4)
		{52DD0D1F-947E-47DE-B41B-86A34AF0B182}.Release|Smartphone 2003 (ARMV4).ActiveCfg = Release|Smartphone 2003 (ARMV4)
		{52DD0D1F-947E-47DE-B41B-86A34AF0B182}.Release|Smartphone 2003 (ARMV4).Build.0 = Release|Smartphone 2003 (ARMV4)
		{52DD0D1F-947E-47DE-B41B-86A34AF0B182}.Release|Smartphone 2003 (ARMV4).Deploy.0 = Release|Smartphone 2003 (ARMV4)
		{52DD0D1F-947E-47DE-B41B-86A34AF0B182}.Release|Win32.ActiveCfg = Release|Win32
		{52DD0D1F-947E-47DE-B41B-86A34AF0B182}.Release|Win32.Build.0 = Release|Win32
		{52DD0D1F-947E-47DE-B41B-86A34AF0B182}.Release|Windows Mobile 5.0 Pocket PC SDK (ARMV4I).ActiveCfg = Release|Windows Mobile 5.0 Pocket PC SDK (ARMV4I)
		{52DD0D1F-947E-47DE-B41B-86A34AF0B182}.Release|Windows Mobile 5.0 Pocket PC SDK (ARMV4I).Build.0 = Release|Windows Mobile 5.0 Pocket PC SDK (ARMV4I)
		{52DD0D1F-947E-47DE-B41B-86A34AF0B182}.Release|Windows Mobile 5.0 Pocket PC SDK (ARMV4I).Deploy.0 = Release|Windows Mobile 5.0 Pocket PC SDK (ARMV4I)
		{52DD0D1F-947E-47DE-B41B-86A34AF0B182}.Release|Windows Mobile 5.0 Smartphone SDK (ARMV4I).ActiveCfg = Release|Windows Mobile 5.0 Smartphone SDK (ARMV4I)
		{52DD0D1F-947E-47DE-B41B-86A34AF0B182}.Release|Windows Mobile 5.0 Smartphone SDK (ARMV4I).Build.0 = Release|Windows Mobile 5.0 Smartphone SDK (ARMV4I)
		{52DD0D1F-947E-47DE-B41B-86A34AF0B182}.Release|Windows Mobile 5.0 Smartphone SDK (ARMV4I).Deploy.0 = Release|Windows Mobile 5.0 Smartphone SDK (ARMV4I)
		{7FCE554E-5455-4EEC-8E53-FF0FEF5F8228}.Debug|Pocket PC 2003 (ARMV4).ActiveCfg = Debug|Pocket PC 2003 (ARMV4)
		{7FCE554E-5455-4EEC-8E53-FF0FEF5F8228}.Debug|Pocket PC 2003 (ARMV4).Build.0 = Debug|Pocket PC 2003 (ARMV4)
		{7FCE554E-5455-4EEC-8E53-FF0FEF5F8228}.Debug|Pocket PC 2003 (ARMV4).Deploy.0 = Debug|Pocket PC 2003 (ARMV4)
		{7FCE554E-5455-4EEC-8E53-FF0FEF5F8228}.Debug|Smartphone 2003 (ARMV4).ActiveCfg = Debug|Smartphone 2003 (ARMV4)
		{7FCE554E-5455-4EEC-8E53-FF0FEF5F8228}.Debug|Smartphone 2003 (ARMV4).Build.0 = Debug|Smartphone 2003 (ARMV4)
		{7FCE554E-5455-4EEC-8E53-FF0FEF5F8228}.Debug|Smartphone 2003 (ARMV4).Deploy.0 = Debug|Smartphone 2003 (ARMV4)
		{7FCE554E-5455-4EEC-8E53-FF0FEF5F8228}.Debug|Win32.ActiveCfg = Debug|Win32
		{7FCE554E-5455-4EEC-8E53-FF0FEF5F8228}.Debug|Win32.Build.0 = Debug|Win32
		{7FCE554E-5455-4EEC-8E53-FF0FEF5F8228}.Debug|Windows Mobile 5.0 Pocket PC SDK (ARMV4I).ActiveCfg = Debug|Windows Mobile 5.0 Pocket PC SDK (ARMV4I)
		{7FCE554E-5455-4EEC-8E53-FF0FEF5F8228}.Debug|Windows Mobile 5.0 Pocket PC SDK (ARMV4I).Build.0 = Debug|Windows Mobile 5.0 Pocket PC SDK (ARMV4I)
		{7FCE554E-5455-4EEC-8E53-FF0FEF5F8228}.Debug|Windows Mobile 5.0 Pocket PC SDK (ARMV4I).Deploy.0 = Debug|Windows Mobile 5.0 Pocket PC SDK (ARMV4I)
		{7FCE554E-5455-4EEC-8E53-FF0FEF5F8228}.Debug|Windows Mobile 5.0 Smartphone SDK (ARMV4I).ActiveCfg = Debug|Windows Mobile 5.0 Smartphone SDK (ARMV4I)
		{7FCE554E-5455-4EEC-8E53-FF0FEF5F8228}.Debug|Windows Mobile 5.0 Smartphone SDK (ARMV4I).Build.0 = Debug|Windows Mobile 5.0 Smartphone SDK (ARMV4I)
		{7FCE554E-5455-4EEC-8E53-FF0FEF5F8228}.Debug|Windows Mobile 5.0 Smartphone SDK (ARMV4I).Deploy.0 = Debug|Windows Mobile 5.0 Smartphone SDK (ARMV4I)
		{7FCE554E-5455-4EEC-8E53-FF0FEF5F8228}.Release|Pocket PC 2003 (ARMV4).ActiveCfg = Release|Pocket PC 2003 (ARMV4)
		{7FCE554E-5455-4EEC-8E53-FF0FEF5F8228}.Release|Pocket PC 2003 (ARMV4).Build.0 = Release|Pocket PC 2003 (ARMV4)
		{7FCE554E-5455-4EEC-8E53-FF0FEF5F8228}.Release|Pocket PC 2003 (ARMV4).Deploy.0 = Release|Pocket PC 2003 (ARMV4)
		{7FCE554E-5455-4EEC-8E53-FF0FEF5F8228}.Release|Smartphone 2003 (ARMV4).ActiveCfg = Release|Smartphone 2003 (ARMV4)
		{7FCE554E-5455-4EEC-8E53-FF0FEF5F8228}.Release|Smartphone 2003 (ARMV4).Build.0 = Release|Smartphone 2003 (ARMV4)
		{7FCE554E-5455-4EEC-8E53-FF0FEF5F8228}.Release|Smartphone 2003 (ARMV4).Deploy.0 = Release|Smartphone 2003 (ARMV4)
		{7FCE554E-5455-4EEC-8E53-FF0FEF5F8228}.Release|Win32.ActiveCfg = Release|Win32
		{7FCE554E-5455-4EEC-8E53-FF0FEF5F8228}.Release|Win32.Build.0 = Release|Win32
		{7FCE554E-5455-4EEC-8E53-FF0FEF5F8228}.Release|Windows Mobile 5.0 Pocket PC SDK (ARMV4I).ActiveCfg = Release|Windows Mobile 5.0 Pocket PC SDK (ARMV4I)
		{7FCE554E-5455-4EEC-8E53-FF0FEF5F8228}.Release|Windows Mobile 5.0 Pocket PC SDK (ARMV4I).Build.0 = Release|Windows Mobile 5.0 Pocket PC SDK (ARMV4I)
		{7FCE554E-5455-4EEC-8E53-FF0FEF5F8228}.Release|Windows Mobile 5.0 Pocket PC SDK (ARMV4I).Deploy.0 = Release|Windows Mobile 5.0 Pocket PC SDK (ARMV4I)
		{7FCE554E-5455-4EEC-8E53-FF0FEF5F8228}.Release|Windows Mobile 5.0 Smartphone SDK (ARMV4I).ActiveCfg = Release|Windows Mobile 5.0 Smartphone SDK (ARMV4I)
		{7FCE554E-5455-4EEC-8E53-FF0FEF5F8228}.Release|Windows Mobile 5.0 Smartphone SDK (ARMV4I).Build.0 = Release|Windows Mobile 5.0 Smartphone SDK (ARMV4I)
		{7FCE554E-5455-4EEC-8E53-FF0FEF5F8228}.Release|Windows Mobile 5.0 Smartphone SDK (ARMV4I).Deploy.0 = Release|Windows Mobile 5.0 Smartphone SDK (ARMV4I)
		{6059ACCD-C793-4325-BAE4-6F09E8438C31}.Debug|Pocket PC 2003 (ARMV4).ActiveCfg = Debug|Pocket PC 2003 (ARMV4)
		{6059ACCD-C793-4325-BAE4-6F09E8438C31}.Debug|Pocket PC 2003 (ARMV4).Build.0 = Debug|Pocket PC 2003 (ARMV4)
		{6059ACCD-C793-4325-BAE4-6F09E8438C31}.Debug|Pocket PC 2003 (ARMV4).Deploy.0 = Debug|Pocket PC 2003 (ARMV4)
		{6059ACCD-C793-4325-BAE4-6F09E8438C31}.Debug|Smartphone 2003 (ARMV4).ActiveCfg = Debug|Smartphone 2003 (ARMV4)
		{6059ACCD-C793-4325-BAE4-6F09E8438C31}.Debug|Smartphone 2003 (ARMV4).Build.0 = Debug|Smartphone 2003 (ARMV4)
		{6059ACCD-C793-4325-BAE4-6F09E8438C31}.Debug|Smartphone 2003 (ARMV4).Deploy.0 = Debug|Smartphone 2003 (ARMV4)
		{6059ACCD-C793-4325-BAE4-6F09E8438C31}.Debug|Win32.ActiveCfg = Debug|Win32
		{6059ACCD-C793-4325-BAE4-6F09E8438C31}.Debug|Win32.Build.0 = Debug|Win32
		{6059ACCD-C793-4325-BAE4-6F09E8438C31}.Debug|Windows Mobile 5.0 Pocket PC SDK (ARMV4I).ActiveCfg = Debug|Windows Mobile 5.0 Pocket PC SDK (ARMV4I)
		{6059ACCD-C793-4325-BAE4-6F09E8438C31}.Debug|Windows Mobile 5.0 Pocket PC SDK (ARMV4I).Build.0 = Debug|Windows Mobile 5.0 Pocket PC SDK (ARMV4I)
		{6059ACCD-C793-4325-BAE4-6F09E8438C31}.Debug|Windows Mobile 5.0 Pocket PC SDK (ARMV4I).Deploy.0 = Debug|Windows Mobile 5.0 Pocket PC SDK (ARMV4I)
		{6059ACCD-C793-4325-BAE4-6F09E8438C31}.Debug|Windows Mobile 5.0 Smartphone SDK (ARMV4I).ActiveCfg = Debug|Windows Mobile 5.0 Smartphone SDK (ARMV4I)
		{6059ACCD-C793-4325-BAE4-6F09E8438C31}.Debug|Windows Mobile 5.0 Smartphone SDK (ARMV4I).Build.0 = Debug|Windows Mobile 5.0 Smartphone SDK (ARMV4I)
		{6059ACCD-C793-4325-BAE4-6F09E8438C31}.Debug|Windows Mobile 5.0 Smartphone SDK (ARMV4I).Deploy.0 = Debug|Windows Mobile 5.0 Smartphone SDK (ARMV4I)
		{6059ACCD-C793-4325-BAE4-6F09E8438C31}.Release|Pocket PC 2003 (ARMV4).ActiveCfg = Release|Pocket PC 2003 (ARMV4)
		{6059ACCD-C793-4325-BAE4-6F09E8438C31}.Release|Pocket PC 2003 (ARMV4).Build.0 = Release|Pocket PC 2003 (ARMV4)
		{6059ACCD-C793-4325-BAE4-6F09E8438C31}.Release|Pocket PC 2003 (ARMV4).Deploy.0 = Release|Pocket PC 2003 (ARMV4)
		{6059ACCD-C793-4325-BAE4-6F09E8438C31}.Release|Smartphone 2003 (ARMV4).ActiveCfg = Release|Smartphone 2003 (ARMV4)
		{6059ACCD-C793-4325-BAE4-6F09E8438C31}.Release|Smartphone 2003 (ARMV4).Build.0 = Release|Smartphone 2003 (ARMV4)
		{6059ACCD-C793-4325-BAE4-6F09E8438C31}.Release|Smartphone 2003 (ARMV4).Deploy.0 = Release|Smartphone 2003 (ARMV4)
		{6059ACCD-C793-4325-BAE4-6F09E8438C31}.Release|Win32.ActiveCfg = Release|Win32
		{6059ACCD-C793-4325-BAE4-6F09E8438C31}.Release|Win32.Build.0 = Release|Win32
		{6059ACCD-C793-4325-BAE4-6F09E8438C31}.Release|Windows Mobile 5.0 Pocket PC SDK (ARMV4I).ActiveCfg = Release|Windows Mobile 5.0 Pocket PC SDK (ARMV4I)
		{6059ACCD-C793-4325-BAE4-6F09E8438C31}.Release|Windows Mobile 5.0 Pocket PC SDK (ARMV4I).Build.0 = Release|Windows Mobile 5.0 Pocket PC SDK (ARMV4I)
		{6059ACCD-C793-4325-BAE4-6F09E8438C31}.Release|Windows Mobile 5.0 Pocket PC SDK (ARMV4I).Deploy.0 = Release|Windows Mobile 5.0 Pocket PC SDK (ARMV4I)
		{6059ACCD-C793-4325-BAE4-6F09E8438C31}.Release|Windows Mobile 5.0 Smartphone SDK (ARMV4I).ActiveCfg = Release|Windows Mobile 5.0 Smartphone SDK (ARMV4I)
		{6059ACCD-C793-4325-BAE4-6F09E8438C31}.Release|Windows Mobile 5.0 Smartphone SDK (ARMV4I).Build.0 = Release|Windows Mobile 5.0 Smartphone SDK (ARMV4I)
		{6059ACCD-C793-4325-BAE4-6F09E8438C31}.Release|Windows Mobile 5.0 Smartphone SDK (ARMV4I).Deploy.0 = Release|Windows Mobile 5.0 Smartphone SDK (ARMV4I)
		{A8F1C6FB-E924-40CB-B946-C484E70452FE}.Debug|Pocket PC 2003 (ARMV4).ActiveCfg = Debug|Pocket PC 2003 (ARMV4)
		{A8F1C6FB-E924-40CB-B946-C484E70452FE}.Debug|Pocket PC 2003 (ARMV4).Build.0 = Debug|Pocket PC 2003 (ARMV4)
		{A8F1C6FB-E924-40CB-B946-C484E70452FE}.Debug|Pocket PC 2003 (ARMV4).Deploy.0 = Debug|Pocket PC 2003 (ARMV4)
		{A8F1C6FB-E924-40CB-B946-C484E70452FE}.Debug|Smartphone 2003 (ARMV4).ActiveCfg = Debug|Smartphone 2003 (ARMV4)
		{A8F1C6FB-E924-40CB-B946-C484E70452FE}.Debug|Smartphone 2003 (ARMV4).Build.0 = Debug|Smartphone 2003 (ARMV4)
		{A8F1C6FB-E924-40CB-B946-C484E70452FE}.Debug|Smartphone 2003 (ARMV4).Deploy.0 = Debug|Smartphone 2003 (ARMV4)
		{A8F1C6FB-E924-40CB-B946-C484E70452FE}.Debug|Win32.ActiveCfg = Debug|Win32
		{A8F1C6FB-E924-40CB-B946-C484E70452FE}.Debug|Win32.Build.0 = Debug|Win32
		{A8F1C6FB-E924-40CB-B946-C484E70452FE}.Debug|Windows Mobile 5.0 Pocket PC SDK (ARMV4I).ActiveCfg = Debug|Windows Mobile 5.0 Pocket PC SDK (ARMV4I)
		{A8F1C6FB-E924-40CB-B946-C484E70452FE}.Debug|Windows Mobile 5.0 Pocket PC SDK (ARMV4I).Build.0 = Debug|Windows Mobile 5.0 Pocket PC SDK (ARMV4I)
		{A8F1C6FB-E924-40CB-B946-C484E70452FE}.Debug|Windows Mobile 5.0 Pocket PC SDK (ARMV4I).Deploy.0 = Debug|Windows Mobile 5.0 Pocket PC SDK (ARMV4I)
		{A8F1C6FB-E924-40CB-B946-C484E70452FE}.Debug|Windows Mobile 5.0 Smartphone SDK (ARMV4I).ActiveCfg = Debug|Windows Mobile 5.0 Smartphone SDK (ARMV4I)
		{A8F1C6FB-E924-40CB-B946-C484E70452FE}.Debug|Windows Mobile 5.0 Smartphone SDK (ARMV4I).Build.0 = Debug|Windows Mobile 5.0 Smartphone SDK (ARMV4I)
		{A8F1C6FB-E924-40CB-B946-C484E70452FE}.Debug|Windows Mobile 5.0 Smartphone SDK (ARMV4I).Deploy.0 = Debug|Windows Mobile 5.0 Smartphone SDK (ARMV4I)
		{A8F1C6FB-E924-40CB-B946-C484E70452FE}.Release|Pocket PC 2003 (ARMV4).ActiveCfg = Release|Pocket PC 2003 (ARMV4)
		{A8F1C6FB-E924-40CB-B946-C484E70452FE}.Release|Pocket PC 2003 (ARMV4).Build.0 = Release|Pocket PC 2003 (ARMV4)
		{A8F1C6FB-E924-40CB-B946-C484E70452FE}.Release|Pocket PC 2003 (ARMV4).Deploy.0 = Release|Pocket PC 2003 (ARMV4)
		{A8F1C6FB-E924-40CB-B946-C484E70452FE}.Release|Smartphone 2003 (ARMV4).ActiveCfg = Release|Smartphone 2003 (ARMV4)
		{A8F1C6FB-E924-40CB-B946-C484E70452FE}.Release|Smartphone 2003 (ARMV4).Build.0 = Release|Smartphone 2003 (ARMV4)
		{A8F1C6FB-E924-40CB-B946-C484E70452FE}.Release|Smartphone 2003 (ARMV4).Deploy.0 = Release|Smartphone 2003 (ARMV4)
		{A8F1C6FB-E924-40CB-B946-C484E70452FE}.Release|Win32.ActiveCfg = Release|Win32
		{A8F1C6FB-E924-40CB-B946-C484E70452FE}.Release|Win32.Build.0 = Release|Win32
		{A8F1C6FB-E924-40CB-B946-C484E70452FE}.Release|Windows Mobile 5.0 Pocket PC SDK (ARMV4I).ActiveCfg = Release|Windows Mobile 5.0 Pocket PC SDK (ARMV4I)
		{A8F1C6FB-E924-40CB-B946-C484E70452FE}.Release|Windows Mobile 5.0 Pocket PC SDK (ARMV4I).Build.0 = Release|Windows Mobile 5.0 Pocket PC SDK (ARMV4I)
		{A8F1C6FB-E924-40CB-B946-C484E70452FE}.Release|Windows Mobile 5.0 Pocket PC SDK (ARMV4I).Deploy.0 = Release|Windows Mobile 5.0 Pocket PC SDK (ARMV4I)
		{A8F1C6FB-E924-40CB-B946-C484E70452FE}.Release|Windows Mobile 5.0 Smartphone SDK (ARMV4I).ActiveCfg = Release|Windows Mobile 5.0 Smartphone SDK (ARMV4I)
		{A8F1C6FB-E924-40CB-B946-C484E70452FE}.Release|Windows Mobile 5.0 Smartphone SDK (ARMV4I).Build.0 = Release|Windows Mobile 5.0 Smartphone SDK (ARMV4I)
		{A8F1C6FB-E924-40CB-B946-C484E70452FE}.Release|Windows Mobile 5.0 Smartphone SDK (ARMV4I).Deploy.0 = Release|Windows Mobile 5.0 Smartphone SDK (ARMV4I)
		{6441935B-E748-438C-B785-F85C88F3A711}.Debug|Pocket PC 2003 (ARMV4).ActiveCfg = Debug|Pocket PC 2003 (ARMV4)
		{6441935B-E748-438C-B785-F85C88F3A711}.Debug|Pocket PC 2003 (ARMV4).Build.0 = Debug|Pocket PC 2003 (ARMV4)
		{6441935B-E748-438C-B785-F85C88F3A711}.Debug|Pocket PC 2003 (ARMV4).Deploy.0 = Debug|Pocket PC 2003 (ARMV4)
		{6441935B-E748-438C-B785-F85C88F3A711}.Debug|Smartphone 2003 (ARMV4).ActiveCfg = Debug|Smartphone 2003 (ARMV4)
		{6441935B-E748-438C-B785-F85C88F3A711}.Debug|Smartphone 2003 (ARMV4).Build.0 = Debug|Smartphone 2003 (ARMV4)
		{6441935B-E748-438C-B785-F85C88F3A711}.Debug|Smartphone 2003 (ARMV4).Deploy.0 = Debug|Smartphone 2003 (ARMV4)
		{6441935B-E748-438C-B785-F85C88F3A711}.Debug|Win32.ActiveCfg = Debug|Win32
		{6441935B-E748-438C-B785-F85C88F3A711}.Debug|Win32.Build.0 = Debug|Win32
		{6441935B-E748-438C-B785-F85C88F3A711}.Debug|Windows Mobile 5.0 Pocket PC SDK (ARMV4I).ActiveCfg = Debug|Windows Mobile 5.0 Pocket PC SDK (ARMV4I)
		{6441935B-E748-438C-B785-F85C88F3A711}.Debug|Windows Mobile 5.0 Pocket PC SDK (ARMV4I).Build.0 = Debug|Windows Mobile 5.0 Pocket PC SDK (ARMV4I)
		{6441935B-E748-438C-B785-F85C88F3A711}.Debug|Windows Mobile 5.0 Pocket PC SDK (ARMV4I).Deploy.0 = Debug|Windows Mobile 5.0 Pocket PC SDK (ARMV4I)
		{6441935B-E748-438C-B785-F85C88F3A711}.Debug|Windows Mobile 5.0 Smartphone SDK (ARMV4I).ActiveCfg = Debug|Windows Mobile 5.0 Smartphone SDK (ARMV4I)
		{6441935B-E748-438C-B785-F85C88F3A711}.Debug|Windows Mobile 5.0 Smartphone SDK (ARMV4I).Build.0 = Debug|Windows Mobile 5.0 Smartphone SDK (ARMV4I)
		{6441935B-E748-438C-B785-F85C88F3A711}.Debug|Windows Mobile 5.0 Smartphone SDK (ARMV4I).Deploy.0 = Debug|Windows Mobile 5.0 Smartphone SDK (ARMV4I)
		{6441935B-E748-438C-B785-F85C88F3A711}.Release|Pocket PC 2003 (ARMV4).ActiveCfg = Release|Pocket PC 2003 (ARMV4)
		{6441935B-E748-438C-B785-F85C88F3A711}.Release|Pocket PC 2003 (ARMV4).Build.0 = Release|Pocket PC 2003 (ARMV4)
		{6441935B-E748-438C-B785-F85C88F3A711}.Release|Pocket PC 2003 (ARMV4).Deploy.0 = Release|Pocket PC 2003 (ARMV4)
		{6441935B-E748-438C-B785-F85C88F3A711}.Release|Smartphone 2003 (ARMV4).ActiveCfg = Release|Smartphone 2003 (ARMV4)
		{6441935B-E748-438C-B785-F85C88F3A711}.Release|Smartphone 2003 (ARMV4).Build.0 = Release|Smartphone 2003 (ARMV4)
		{6441935B-E748-438C-B785-F85C88F3A711}.Release|Smartphone 2003 (ARMV4).Deploy.0 = Release|Smartphone 2003 (ARMV4)
		{6441935B-E748-438C-B785-F85C88F3A711}.Release|Win32.ActiveCfg = Release|Win32
		{6441935B-E748-438C-B785-F85C88F3A711}.Release|Win32.Build.0 = Release|Win32
		{6441935B-E748-438C-B785-F85C88F3A711}.Release|Windows Mobile 5.0 Pocket PC SDK (ARMV4I).ActiveCfg = Release|Windows Mobile 5.0 Pocket PC SDK (ARMV4I)
		{6441935B-E748-438C-B785-F85C88F3A711}.Release|Windows Mobile 5.0 Pocket PC SDK (ARMV4I).Build.0 = Release|Windows Mobile 5.0 Pocket PC SDK (ARMV4I)
		{6441935B-E748-438C-B785-F85C88F3A711}.Release|Windows Mobile 5.0 Pocket PC SDK (ARMV4I).Deploy.0 = Release|Windows Mobile 5.0 Pocket PC SDK (ARMV4I)
		{6441935B-E748-438C-B785-F85C88F3A711}.Release|Windows Mobile 5.0 Smartphone SDK (ARMV4I).ActiveCfg = Release|Windows Mobile 5.0 Smartphone SDK (ARMV4I)
		{6441935B-E748-438C-B785-F85C88F3A711}.Release|Windows Mobile 5.0 Smartphone SDK (ARMV4I).Build.0 = Release|Windows Mobile 5.0 Smartphone SDK (ARMV4I)
		{6441935B-E748-438C-B785-F85C88F3A711}.Release|Windows Mobile 5.0 Smartphone SDK (ARMV4I).Deploy.0 = Release|Windows Mobile 5.0 Smartphone SDK (ARMV4I)
		{0F6204A7-46DC-4FA5-ABF9-D75EE7BDF144}.Debug|Pocket PC 2003 (ARMV4).ActiveCfg = Debug|Pocket PC 2003 (ARMV4)
		{0F6204A7-46DC-4FA5-ABF9-D75EE7BDF144}.Debug|Pocket PC 2003 (ARMV4).Build.0 = Debug|Pocket PC 2003 (ARMV4)
		{0F6204A7-46DC-4FA5-ABF9-D75EE7BDF144}.Debug|Pocket PC 2003 (ARMV4).Deploy.0 = Debug|Pocket PC 2003 (ARMV4)
		{0F6204A7-46DC-4FA5-ABF9-D75EE7BDF144}.Debug|Smartphone 2003 (ARMV4).ActiveCfg = Debug|Smartphone 2003 (ARMV4)
		{0F6204A7-46DC-4FA5-ABF9-D75EE7BDF144}.Debug|Smartphone 2003 (ARMV4).Build.0 = Debug|Smartphone 2003 (ARMV4)
		{0F6204A7-46DC-4FA5-ABF9-D75EE7BDF144}.Debug|Smartphone 2003 (ARMV4).Deploy.0 = Debug|Smartphone 2003 (ARMV4)
		{0F6204A7-46DC-4FA5-ABF9-D75EE7BDF144}.Debug|Win32.ActiveCfg = Debug|Win32
		{0F6204A7-46DC-4FA5-ABF9-D75EE7BDF144}.Debug|Win32.Build.0 = Debug|Win32
		{0F6204A7-46DC-4FA5-ABF9-D75EE7BDF144}.Debug|Windows Mobile 5.0 Pocket PC SDK (ARMV4I).ActiveCfg = Debug|Windows Mobile 5.0 Pocket PC SDK (ARMV4I)
		{0F6204A7-46DC-4FA5-ABF9-D75EE7BDF144}.Debug|Windows Mobile 5.0 Pocket PC SDK (ARMV4I).Build.0 = Debug|Windows Mobile 5.0 Pocket PC SDK (ARMV4I)
		{0F6204A7-46DC-4FA5-ABF9-D75EE7BDF144}.Debug|Windows Mobile 5.0 Pocket PC SDK (ARMV4I).Deploy.0 = Debug|Windows Mobile 5.0 Pocket PC SDK (ARMV4I)
		{0F6204A7-46DC-4FA5-ABF9-D75EE7BDF144}.Debug|Windows Mobile 5.0 Smartphone SDK (ARMV4I).ActiveCfg = Debug|Windows Mobile 5.0 Smartphone SDK (ARMV4I)
		{0F6204A7-46DC-4FA5-ABF9-D75EE7BDF144}.Debug|Windows Mobile 5.0 Smartphone SDK (ARMV4I).Build.0 = Debug|Windows Mobile 5.0 Smartphone SDK (ARMV4I)
		{0F6204A7-46DC-4FA5-ABF9-D75EE7BDF144}.Debug|Windows Mobile 5.0 Smartphone SDK (ARMV4I).Deploy.0 = Debug|Windows Mobile 5.0 Smartphone SDK (ARMV4I)
		{0F6204A7-46DC-4FA5-ABF9-D75EE7BDF144}.Release|Pocket PC 2003 (ARMV4).ActiveCfg = Release|Pocket PC 2003 (ARMV4)
		{0F6204A7-46DC-4FA5-ABF9-D75EE7BDF144}.Release|Pocket PC 2003 (ARMV4).Build.0 = Release|Pocket PC 2003 (ARMV4)
		{0F6204A7-46DC-4FA5-ABF9-D75EE7BDF144}.Release|Pocket PC 2003 (ARMV4).Deploy.0 = Release|Pocket PC 2003 (ARMV4)
		{0F6204A7-46DC-4FA5-ABF9-D75EE7BDF144}.Release|Smartphone 2003 (ARMV4).ActiveCfg = Release|Smartphone 2003 (ARMV4)
		{0F6204A7-46DC-4FA5-ABF9-D75EE7BDF144}.Release|Smartphone 2003 (ARMV4).Build.0 = Release|Smartphone 2003 (ARMV4)
		{0F6204A7-46DC-4FA5-ABF9-D75EE7BDF144}.Release|Smartphone 2003 (ARMV4).Deploy.0 = Release|Smartphone 2003 (ARMV4)
		{0F6204A7-46DC-4FA5-ABF9-D75EE7BDF144}.Release|Win32.ActiveCfg = Release|Win32
		{0F6204A7-46DC-4FA5-ABF9-D75EE7BDF144}.Release|Win32.Build.0 = Release|Win32
		{0F6204A7-46DC-4FA5-ABF9-D75EE7BDF144}.Release|Windows Mobile 5.0 Pocket PC SDK (ARMV4I).ActiveCfg = Release|Windows Mobile 5.0 Pocket PC SDK (ARMV4I)
		{0F6204A7-46DC-4FA5-ABF9-D75EE7BDF144}.Release|Windows Mobile 5.0 Pocket PC SDK (ARMV4I).Build.0 = Release|Windows Mobile 5.0 Pocket PC SDK (ARMV4I)
		{0F6204A7-46DC-4FA5-ABF9-D75EE7BDF144}.Release|Windows Mobile 5.0 Pocket PC SDK (ARMV4I).Deploy.0 = Release|Windows Mobile 5.0 Pocket PC SDK (ARMV4I)
		{0F6204A7-46DC-4FA5-ABF9-D75EE7BDF144}.Release|Windows Mobile 5.0 Smartphone SDK (ARMV4I).ActiveCfg = Release|Windows Mobile 5.0 Smartphone SDK (ARMV4I)
		{0F6204A7-46DC-4FA5-ABF9-D75EE7BDF144}.Release|Windows Mobile 5.0 Smartphone SDK (ARMV4I).Build.0 = Release|Windows Mobile 5.0 Smartphone SDK (ARMV4I)
		{0F6204A7-46DC-4FA5-ABF9-D75EE7BDF144}.Release|Windows Mobile 5.0 Smartphone SDK (ARMV4I).Deploy.0 = Release|Windows Mobile 5.0 Smartphone SDK (ARMV4I)
		{885E739B-4390-4F17-928C-5399AD50DA1D}.Debug|Pocket PC 2003 (ARMV4).ActiveCfg = Debug|Pocket PC 2003 (ARMV4)
		{885E739B-4390-4F17-928C-5399AD50DA1D}.Debug|Pocket PC 2003 (ARMV4).Build.0 = Debug|Pocket PC 2003 (ARMV4)
		{885E739B-4390-4F17-928C-5399AD50DA1D}.Debug|Pocket PC 2003 (ARMV4).Deploy.0 = Debug|Pocket PC 2003 (ARMV4)
		{885E739B-4390-4F17-928C-5399AD50DA1D}.Debug|Smartphone 2003 (ARMV4).ActiveCfg = Debug|Smartphone 2003 (ARMV4)
		{885E739B-4390-4F17-928C-5399AD50DA1D}.Debug|Smartphone 2003 (ARMV4).Build.0 = Debug|Smartphone 2003 (ARMV4)
		{885E739B-4390-4F17-928C-5399AD50DA1D}.Debug|Smartphone 2003 (ARMV4).Deploy.0 = Debug|Smartphone 2003 (ARMV4)
		{885E739B-4390-4F17-928C-5399AD50DA1D}.Debug|Win32.ActiveCfg = Debug|Win32
		{885E739B-4390-4F17-928C-5399AD50DA1D}.Debug|Win32.Build.0 = Debug|Win32
		{885E739B-4390-4F17-928C-5399AD50DA1D}.Debug|Windows Mobile 5.0 Pocket PC SDK (ARMV4I).ActiveCfg = Debug|Windows Mobile 5.0 Pocket PC SDK (ARMV4I)
		{885E739B-4390-4F17-928C-5399AD50DA1D}.Debug|Windows Mobile 5.0 Pocket PC SDK (ARMV4I).Build.0 = Debug|Windows Mobile 5.0 Pocket PC SDK (ARMV4I)
		{885E739B-4390-4F17-928C-5399AD50DA1D}.Debug|Windows Mobile 5.0 Pocket PC SDK (ARMV4I).Deploy.0 = Debug|Windows Mobile 5.0 Pocket PC SDK (ARMV4I)
		{885E739B-4390-4F17-928C-5399AD50DA1D}.Debug|Windows Mobile 5.0 Smartphone SDK (ARMV4I).ActiveCfg = Debug|Windows Mobile 5.0 Smartphone SDK (ARMV4I)
		{885E739B-4390-4F17-928C-5399AD50DA1D}.Debug|Windows Mobile 5.0 Smartphone SDK (ARMV4I).Build.0 = Debug|Windows Mobile 5.0 Smartphone SDK (ARMV4I)
		{885E739B-4390-4F17-928C-5399AD50DA1D}.Debug|Windows Mobile 5.0 Smartphone SDK (ARMV4I).Deploy.0 = Debug|Windows Mobile 5.0 Smartphone SDK (ARMV4I)
		{885E739B-4390-4F17-928C-5399AD50DA1D}.Release|Pocket PC 2003 (ARMV4).ActiveCfg = Release|Pocket PC 2003 (ARMV4)
		{885E739B-4390-4F17-928C-5399AD50DA1D}.Release|Pocket PC 2003 (ARMV4).Build.0 = Release|Pocket PC 2003 (ARMV4)
		{885E739B-4390-4F17-928C-5399AD50DA1D}.Release|Pocket PC 2003 (ARMV4).Deploy.0 = Release|Pocket PC 2003 (ARMV4)
		{885E739B-4390-4F17-928C-5399AD50DA1D}.Release|Smartphone 2003 (ARMV4).ActiveCfg = Release|Smartphone 2003 (ARMV4)
		{885E739B-4390-4F17-928C-5399AD50DA1D}.Release|Smartphone 2003 (ARMV4).Build.0 = Release|Smartphone 2003 (ARMV4)
		{885E739B-4390-4F17-928C-5399AD50DA1D}.Release|Smartphone 2003 (ARMV4).Deploy.0 = Release|Smartphone 2003 (ARMV4)
		{885E739B-4390-4F17-928C-5399AD50DA1D}.Release|Win32.ActiveCfg = Release|Win32
		{885E739B-4390-4F17-928C-5399AD50DA1D}.Release|Win32.Build.0 = Release|Win32
		{885E739B-4390-4F17-928C-5399AD50DA1D}.Release|Windows Mobile 5.0 Pocket PC SDK (ARMV4I).ActiveCfg = Release|Windows Mobile 5.0 Pocket PC SDK (ARMV4I)
		{885E739B-4390-4F17-928C-5399AD50DA1D}.Release|Windows Mobile 5.0 Pocket PC SDK (ARMV4I).Build.0 = Release|Windows Mobile 5.0 Pocket PC SDK (ARMV4I)
		{885E739B-4390-4F17-928C-5399AD50DA1D}.Release|Windows Mobile 5.0 Pocket PC SDK (ARMV4I).Deploy.0 = Release|Windows Mobile 5.0 Pocket PC SDK (ARMV4I)
		{885E739B-4390-4F17-928C-5399AD50DA1D}.Release|Windows Mobile 5.0 Smartphone SDK (ARMV4I).ActiveCfg = Release|Windows Mobile 5.0 Smartphone SDK (ARMV4I)
		{885E739B-4390-4F17-928C-5399AD50DA1D}.Release|Windows Mobile 5.0 Smartphone SDK (ARMV4I).Build.0 = Release|Windows Mobile 5.0 Smartphone SDK (ARMV4I)
		{885E739B-4390-4F17-928C-5399AD50DA1D}.Release|Windows Mobile 5.0 Smartphone SDK (ARMV4I).Deploy.0 = Release|Windows Mobile 5.0 Smartphone SDK (ARMV4I)
		{B9A5A66D-26A9-41A0-911F-A60B196F52B1}.Debug|Pocket PC 2003 (ARMV4).ActiveCfg = Debug|Pocket PC 2003 (ARMV4)
		{B9A5A66D-26A9-41A0-911F-A60B196F52B1}.Debug|Pocket PC 2003 (ARMV4).Build.0 = Debug|Pocket PC 2003 (ARMV4)
		{B9A5A66D-26A9-41A0-911F-A60B196F52B1}.Debug|Pocket PC 2003 (ARMV4).Deploy.0 = Debug|Pocket PC 2003 (ARMV4)
		{B9A5A66D-26A9-41A0-911F-A60B196F52B1}.Debug|Smartphone 2003 (ARMV4).ActiveCfg = Debug|Smartphone 2003 (ARMV4)
		{B9A5A66D-26A9-41A0-911F-A60B196F52B1}.Debug|Smartphone 2003 (ARMV4).Build.0 = Debug|Smartphone 2003 (ARMV4)
		{B9A5A66D-26A9-41A0-911F-A60B196F52B1}.Debug|Smartphone 2003 (ARMV4).Deploy.0 = Debug|Smartphone 2003 (ARMV4)
		{B9A5A66D-26A9-41A0-911F-A60B196F52B1}.Debug|Win32.ActiveCfg = Debug|Win32
		{B9A5A66D-26A9-41A0-911F-A60B196F52B1}.Debug|Win32.Build.0 = Debug|Win32
		{B9A5A66D-26A9-41A0-911F-A60B196F52B1}.Debug|Windows Mobile 5.0 Pocket PC SDK (ARMV4I).ActiveCfg = Debug|Windows Mobile 5.0 Pocket PC SDK (ARMV4I)
		{B9A5A66D-26A9-41A0-911F-A60B196F52B1}.Debug|Windows Mobile 5.0 Pocket PC SDK (ARMV4I).Build.0 = Debug|Windows Mobile 5.0 Pocket PC SDK (ARMV4I)
		{B9A5A66D-26A9-41A0-911F-A60B196F52B1}.Debug|Windows Mobile 5.0 Pocket PC SDK (ARMV4I).Deploy.0 = Debug|Windows Mobile 5.0 Pocket PC SDK (ARMV4I)
		{B9A5A66D-26A9-41A0-911F-A60B196F52B1}.Debug|Windows Mobile 5.0 Smartphone SDK (ARMV4I).ActiveCfg = Debug|Windows Mobile 5.0 Smartphone SDK (ARMV4I)
		{B9A5A66D-26A9-41A0-911F-A60B196F52B1}.Debug|Windows Mobile 5.0 Smartphone SDK (ARMV4I).Build.0 = Debug|Windows Mobile 5.0 Smartphone SDK (ARMV4I)
		{B9A5A66D-26A9-41A0-911F-A60B196F52B1}.Debug|Windows Mobile 5.0 Smartphone SDK (ARMV4I).Deploy.0 = Debug|Windows Mobile 5.0 Smartphone SDK (ARMV4I)
		{B9A5A66D-26A9-41A0-911F-A60B196F52B1}.Release|Pocket PC 2003 (ARMV4).ActiveCfg = Release|Pocket PC 2003 (ARMV4)
		{B9A5A66D-26A9-41A0-911F-A60B196F52B1}.Release|Pocket PC 2003 (ARMV4).Build.0 = Release|Pocket PC 2003 (ARMV4)
		{B9A5A66D-26A9-41A0-911F-A60B196F52B1}.Release|Pocket PC 2003 (ARMV4).Deploy.0 = Release|Pocket PC 2003 (ARMV4)
		{B9A5A66D-26A9-41A0-911F-A60B196F52B1}.Release|Smartphone 2003 (ARMV4).ActiveCfg = Release|Smartphone 2003 (ARMV4)
		{B9A5A66D-26A9-41A0-911F-A60B196F52B1}.Release|Smartphone 2003 (ARMV4).Build.0 = Release|Smartphone 2003 (ARMV4)
		{B9A5A66D-26A9-41A0-911F-A60B196F52B1}.Release|Smartphone 2003 (ARMV4).Deploy.0 = Release|Smartphone 2003 (ARMV4)
		{B9A5A66D-26A9-41A0-911F-A60B196F52B1}.Release|Win32.ActiveCfg = Release|Win32
		{B9A5A66D-26A9-41A0-911F-A60B196F52B1}.Release|Win32.Build.0 = Release|Win32
		{B9A5A66D-26A9-41A0-911F-A60B196F52B1}.Release|Windows Mobile 5.0 Pocket PC SDK (ARMV4I).ActiveCfg = Release|Windows Mobile 5.0 Pocket PC SDK (ARMV4I)
		{B9A5A66D-26A9-41A0-911F-A60B196F52B1}.Release|Windows Mobile 5.0 Pocket PC SDK (ARMV4I).Build.0 = Release|Windows Mobile 5.0 Pocket PC SDK (ARMV4I)
		{B9A5A66D-26A9-41A0-911F-A60B196F52B1}.Release|Windows Mobile 5.0 Pocket PC SDK (ARMV4I).Deploy.0 = Release|Windows Mobile 5.0 Pocket PC SDK (ARMV4I)
		{B9A5A66D-26A9-41A0-911F-A60B196F52B1}.Release|Windows Mobile 5.0 Smartphone SDK (ARMV4I).ActiveCfg = Release|Windows Mobile 5.0 Smartphone SDK (ARMV4I)
		{B9A5A66D-26A9-41A0-911F-A60B196F52B1}.Release|Windows Mobile 5.0 Smartphone SDK (ARMV4I).Build.0 = Release|Windows Mobile 5.0 Smartphone SDK (ARMV4I)
		{B9A5A66D-26A9-41A0-911F-A60B196F52B1}.Release|Windows Mobile 5.0 Smartphone SDK (ARMV4I).Deploy.0 = Release|Windows Mobile 5.0 Smartphone SDK (ARMV4I)
		{832323BE-F1FE-498C-B343-71D748D65228}.Debug|Pocket PC 2003 (ARMV4).ActiveCfg = Debug|Pocket PC 2003 (ARMV4)
		{832323BE-F1FE-498C-B343-71D748D65228}.Debug|Pocket PC 2003 (ARMV4).Build.0 = Debug|Pocket PC 2003 (ARMV4)
		{832323BE-F1FE-498C-B343-71D748D65228}.Debug|Pocket PC 2003 (ARMV4).Deploy.0 = Debug|Pocket PC 2003 (ARMV4)
		{832323BE-F1FE-498C-B343-71D748D65228}.Debug|Smartphone 2003 (ARMV4).ActiveCfg = Debug|Smartphone 2003 (ARMV4)
		{832323BE-F1FE-498C-B343-71D748D65228}.Debug|Smartphone 2003 (ARMV4).Build.0 = Debug|Smartphone 2003 (ARMV4)
		{832323BE-F1FE-498C-B343-71D748D65228}.Debug|Smartphone 2003 (ARMV4).Deploy.0 = Debug|Smartphone 2003 (ARMV4)
		{832323BE-F1FE-498C-B343-71D748D65228}.Debug|Win32.ActiveCfg = Debug|Win32
		{832323BE-F1FE-498C-B343-71D748D65228}.Debug|Win32.Build.0 = Debug|Win32
		{832323BE-F1FE-498C-B343-71D748D65228}.Debug|Windows Mobile 5.0 Pocket PC SDK (ARMV4I).ActiveCfg = Debug|Windows Mobile 5.0 Pocket PC SDK (ARMV4I)
		{832323BE-F1FE-498C-B343-71D748D65228}.Debug|Windows Mobile 5.0 Pocket PC SDK (ARMV4I).Build.0 = Debug|Windows Mobile 5.0 Pocket PC SDK (ARMV4I)
		{832323BE-F1FE-498C-B343-71D748D65228}.Debug|Windows Mobile 5.0 Pocket PC SDK (ARMV4I).Deploy.0 = Debug|Windows Mobile 5.0 Pocket PC SDK (ARMV4I)
		{832323BE-F1FE-498C-B343-71D748D65228}.Debug|Windows Mobile 5.0 Smartphone SDK (ARMV4I).ActiveCfg = Debug|Windows Mobile 5.0 Smartphone SDK (ARMV4I)
		{832323BE-F1FE-498C-B343-71D748D65228}.Debug|Windows Mobile 5.0 Smartphone SDK (ARMV4I).Build.0 = Debug|Windows Mobile 5.0 Smartphone SDK (ARMV4I)
		{832323BE-F1FE-498C-B343-71D748D65228}.Debug|Windows Mobile 5.0 Smartphone SDK (ARMV4I).Deploy.0 = Debug|Windows Mobile 5.0 Smartphone SDK (ARMV4I)
		{832323BE-F1FE-498C-B343-71D748D65228}.Release|Pocket PC 2003 (ARMV4).ActiveCfg = Release|Pocket PC 2003 (ARMV4)
		{832323BE-F1FE-498C-B343-71D748D65228}.Release|Pocket PC 2003 (ARMV4).Build.0 = Release|Pocket PC 2003 (ARMV4)
		{832323BE-F1FE-498C-B343-71D748D65228}.Release|Pocket PC 2003 (ARMV4).Deploy.0 = Release|Pocket PC 2003 (ARMV4)
		{832323BE-F1FE-498C-B343-71D748D65228}.Release|Smartphone 2003 (ARMV4).ActiveCfg = Release|Smartphone 2003 (ARMV4)
		{832323BE-F1FE-498C-B343-71D748D65228}.Release|Smartphone 2003 (ARMV4).Build.0 = Release|Smartphone 2003 (ARMV4)
		{832323BE-F1FE-498C-B343-71D748D65228}.Release|Smartphone 2003 (ARMV4).Deploy.0 = Release|Smartphone 2003 (ARMV4)
		{832323BE-F1FE-498C-B343-71D748D65228}.Release|Win32.ActiveCfg = Release|Windows Mobile 5.0 Pocket PC SDK (ARMV4I)
		{832323BE-F1FE-498C-B343-71D748D65228}.Release|Windows Mobile 5.0 Pocket PC SDK (ARMV4I).ActiveCfg = Release|Windows Mobile 5.0 Pocket PC SDK (ARMV4I)
		{832323BE-F1FE-498C-B343-71D748D65228}.Release|Windows Mobile 5.0 Pocket PC SDK (ARMV4I).Build.0 = Release|Windows Mobile 5.0 Pocket PC SDK (ARMV4I)
		{832323BE-F1FE-498C-B343-71D748D65228}.Release|Windows Mobile 5.0 Pocket PC SDK (ARMV4I).Deploy.0 = Release|Windows Mobile 5.0 Pocket PC SDK (ARMV4I)
		{832323BE-F1FE-498C-B343-71D748D65228}.Release|Windows Mobile 5.0 Smartphone SDK (ARMV4I).ActiveCfg = Release|Windows Mobile 5.0 Smartphone SDK (ARMV4I)
		{832323BE-F1FE-498C-B343-71D748D65228}.Release|Windows Mobile 5.0 Smartphone SDK (ARMV4I).Build.0 = Release|Windows Mobile 5.0 Smartphone SDK (ARMV4I)
		{832323BE-F1FE-498C-B343-71D748D65228}.Release|Windows Mobile 5.0 Smartphone SDK (ARMV4I).Deploy.0 = Release|Windows Mobile 5.0 Smartphone SDK (ARMV4I)
	EndGlobalSection
	GlobalSection(SolutionProperties) = preSolution
		HideSolutionNode = FALSE
	EndGlobalSection
EndGlobal
